
Microsoft Visual Studio Solution File, Format Version 12.00
# Visual Studio Express 2013 for Web
VisualStudioVersion = 12.0.30723.0
MinimumVisualStudioVersion = 10.0.40219.1
Project("{FAE04EC0-301F-11D3-BF4B-00C04F79EFBC}") = "JaderDiasDeCampos.MVC", "JaderDiasDeCampos.MVC\JaderDiasDeCampos.MVC.csproj", "{169AAF36-FAA5-463C-94EF-8E192CFF2F87}"
EndProject
Project("{2150E333-8FDC-42A3-9474-1A3956D46DE8}") = "PublishScripts", "PublishScripts", "{17868968-38FD-4B73-B5E2-7D16DE540526}"
	ProjectSection(SolutionItems) = preProject
		PublishScripts\AzureWebsitePublishModule.psm1 = PublishScripts\AzureWebsitePublishModule.psm1
		PublishScripts\Publish-WebApplicationWebsite.ps1 = PublishScripts\Publish-WebApplicationWebsite.ps1
	EndProjectSection
EndProject
Project("{2150E333-8FDC-42A3-9474-1A3956D46DE8}") = "Configurations", "Configurations", "{0A4D13AD-E2A7-460A-A2A1-27CC4B6FB1F1}"
	ProjectSection(SolutionItems) = preProject
		PublishScripts\Configurations\JaderDiasDeCamposMVC-WAWS-dev.json = PublishScripts\Configurations\JaderDiasDeCamposMVC-WAWS-dev.json
	EndProjectSection
EndProject
Global
	GlobalSection(TeamFoundationVersionControl) = preSolution
		SccNumberOfProjects = 2
		SccEnterpriseProvider = {4CA58AB2-18FA-4F8D-95D4-32DDF27D184C}
		SccTeamFoundationServer = https://jdcdeveloper.visualstudio.com/defaultcollection
		SccLocalPath0 = .
		SccProjectUniqueName1 = JaderDiasDeCampos.MVC\\JaderDiasDeCampos.MVC.csproj
		SccProjectName1 = JaderDiasDeCampos.MVC
		SccLocalPath1 = JaderDiasDeCampos.MVC
	EndGlobalSection
	GlobalSection(SolutionConfigurationPlatforms) = preSolution
		Debug|Any CPU = Debug|Any CPU
		Release|Any CPU = Release|Any CPU
	EndGlobalSection
	GlobalSection(ProjectConfigurationPlatforms) = postSolution
		{169AAF36-FAA5-463C-94EF-8E192CFF2F87}.Debug|Any CPU.ActiveCfg = Debug|Any CPU
		{169AAF36-FAA5-463C-94EF-8E192CFF2F87}.Debug|Any CPU.Build.0 = Debug|Any CPU
		{169AAF36-FAA5-463C-94EF-8E192CFF2F87}.Release|Any CPU.ActiveCfg = Release|Any CPU
		{169AAF36-FAA5-463C-94EF-8E192CFF2F87}.Release|Any CPU.Build.0 = Release|Any CPU
	EndGlobalSection
	GlobalSection(SolutionProperties) = preSolution
		HideSolutionNode = FALSE
	EndGlobalSection
	GlobalSection(NestedProjects) = preSolution
		{0A4D13AD-E2A7-460A-A2A1-27CC4B6FB1F1} = {17868968-38FD-4B73-B5E2-7D16DE540526}
	EndGlobalSection
EndGlobal
